
Microsoft Visual Studio Solution File, Format Version 12.00
# Visual Studio Version 17
VisualStudioVersion = 17.1.32414.318
MinimumVisualStudioVersion = 10.0.40219.1
Project("{FAE04EC0-301F-11D3-BF4B-00C04F79EFBC}") = "WindowsFormsApp1", "WindowsFormsApp1\WindowsFormsApp1.csproj", "{EE283101-3DAC-46A1-B547-C3F8387AA4B6}"
EndProject
Global
	GlobalSection(SolutionConfigurationPlatforms) = preSolution
		Debug|Any CPU = Debug|Any CPU
		Release|Any CPU = Release|Any CPU
	EndGlobalSection
	GlobalSection(ProjectConfigurationPlatforms) = postSolution
		{EE283101-3DAC-46A1-B547-C3F8387AA4B6}.Debug|Any CPU.ActiveCfg = Debug|Any CPU
		{EE283101-3DAC-46A1-B547-C3F8387AA4B6}.Debug|Any CPU.Build.0 = Debug|Any CPU
		{EE283101-3DAC-46A1-B547-C3F8387AA4B6}.Release|Any CPU.ActiveCfg = Release|Any CPU
		{EE283101-3DAC-46A1-B547-C3F8387AA4B6}.Release|Any CPU.Build.0 = Release|Any CPU
	EndGlobalSection
	GlobalSection(SolutionProperties) = preSolution
		HideSolutionNode = FALSE
	EndGlobalSection
	GlobalSection(ExtensibilityGlobals) = postSolution
		SolutionGuid = {4C52E46D-3237-413C-8C1C-A5B1443A8717}
	EndGlobalSection
EndGlobal
